
Microsoft Visual Studio Solution File, Format Version 12.00
# Visual Studio Version 17
VisualStudioVersion = 17.0.31903.59
MinimumVisualStudioVersion = 10.0.40219.1
Project("{FAE04EC0-301F-11D3-BF4B-00C04F79EFBC}") = "API", "API\API.csproj", "{87C65177-3114-4571-A822-499A04B4FB36}"
EndProject
Project("{FAE04EC0-301F-11D3-BF4B-00C04F79EFBC}") = "Application", "Application\Application.csproj", "{847A66F4-3E5A-4439-8CB6-ED57F8D33A66}"
EndProject
Project("{FAE04EC0-301F-11D3-BF4B-00C04F79EFBC}") = "Domain", "Domain\Domain.csproj", "{078BAC90-34E2-4879-BD81-50E963EC6C54}"
EndProject
Project("{FAE04EC0-301F-11D3-BF4B-00C04F79EFBC}") = "Persistence", "Persistence\Persistence.csproj", "{E2B982D4-49A5-4D5E-837D-FE7FAFCD305E}"
EndProject
Global
	GlobalSection(SolutionConfigurationPlatforms) = preSolution
		Debug|Any CPU = Debug|Any CPU
		Release|Any CPU = Release|Any CPU
	EndGlobalSection
	GlobalSection(SolutionProperties) = preSolution
		HideSolutionNode = FALSE
	EndGlobalSection
	GlobalSection(ProjectConfigurationPlatforms) = postSolution
		{87C65177-3114-4571-A822-499A04B4FB36}.Debug|Any CPU.ActiveCfg = Debug|Any CPU
		{87C65177-3114-4571-A822-499A04B4FB36}.Debug|Any CPU.Build.0 = Debug|Any CPU
		{87C65177-3114-4571-A822-499A04B4FB36}.Release|Any CPU.ActiveCfg = Release|Any CPU
		{87C65177-3114-4571-A822-499A04B4FB36}.Release|Any CPU.Build.0 = Release|Any CPU
		{847A66F4-3E5A-4439-8CB6-ED57F8D33A66}.Debug|Any CPU.ActiveCfg = Debug|Any CPU
		{847A66F4-3E5A-4439-8CB6-ED57F8D33A66}.Debug|Any CPU.Build.0 = Debug|Any CPU
		{847A66F4-3E5A-4439-8CB6-ED57F8D33A66}.Release|Any CPU.ActiveCfg = Release|Any CPU
		{847A66F4-3E5A-4439-8CB6-ED57F8D33A66}.Release|Any CPU.Build.0 = Release|Any CPU
		{078BAC90-34E2-4879-BD81-50E963EC6C54}.Debug|Any CPU.ActiveCfg = Debug|Any CPU
		{078BAC90-34E2-4879-BD81-50E963EC6C54}.Debug|Any CPU.Build.0 = Debug|Any CPU
		{078BAC90-34E2-4879-BD81-50E963EC6C54}.Release|Any CPU.ActiveCfg = Release|Any CPU
		{078BAC90-34E2-4879-BD81-50E963EC6C54}.Release|Any CPU.Build.0 = Release|Any CPU
		{E2B982D4-49A5-4D5E-837D-FE7FAFCD305E}.Debug|Any CPU.ActiveCfg = Debug|Any CPU
		{E2B982D4-49A5-4D5E-837D-FE7FAFCD305E}.Debug|Any CPU.Build.0 = Debug|Any CPU
		{E2B982D4-49A5-4D5E-837D-FE7FAFCD305E}.Release|Any CPU.ActiveCfg = Release|Any CPU
		{E2B982D4-49A5-4D5E-837D-FE7FAFCD305E}.Release|Any CPU.Build.0 = Release|Any CPU
	EndGlobalSection
EndGlobal
